lockfileVersion: '6.0'

settings:
  autoInstallPeers: true
  excludeLinksFromLockfile: false

devDependencies:
  '@playwright/test':
    specifier: ^1.38.1
    version: 1.38.1
  '@types/node':
    specifier: ^20.6.0
    version: 20.6.0
  http-server:
    specifier: ^14.1.1
    version: 14.1.1
  husky:
    specifier: 8.0.3
    version: 8.0.3
  playwright:
    specifier: ^1.38.1
    version: 1.38.1
  typescript:
    specifier: 4.4.4
    version: 4.4.4

packages:

  /@playwright/test@1.38.1:
    resolution: {integrity: sha512-NqRp8XMwj3AK+zKLbZShl0r/9wKgzqI/527bkptKXomtuo+dOjU9NdMASQ8DNC9z9zLOMbG53T4eihYr3XR+BQ==}
    engines: {node: '>=16'}
    hasBin: true
    dependencies:
      playwright: 1.38.1
    dev: true

  /@types/node@20.6.0:
    resolution: {integrity: sha512-najjVq5KN2vsH2U/xyh2opaSEz6cZMR2SetLIlxlj08nOcmPOemJmUK2o4kUzfLqfrWE0PIrNeE16XhYDd3nqg==}
    dev: true

  /ansi-styles@4.3.0:
    resolution: {integrity: sha512-zbB9rCJAT1rbjiVDb2hqKFHNYLxgtk8NURxZ3IZwD3F6NtxbXZQCnnSi1Lkx+IDohdPlFp222wVALIheZJQSEg==}
    engines: {node: '>=8'}
    dependencies:
      color-convert: 2.0.1
    dev: true

  /async@2.6.4:
    resolution: {integrity: sha512-mzo5dfJYwAn29PeiJ0zvwTo04zj8HDJj0Mn8TD7sno7q12prdbnasKJHhkm2c1LgrhlJ0teaea8860oxi51mGA==}
    dependencies:
      lodash: 4.17.21
    dev: true

  /basic-auth@2.0.1:
    resolution: {integrity: sha512-NF+epuEdnUYVlGuhaxbbq+dvJttwLnGY+YixlXlME5KpQ5W3CnXA5cVTneY3SPbPDRkcjMbifrwmFYcClgOZeg==}
    engines: {node: '>= 0.8'}
    dependencies:
      safe-buffer: 5.1.2
    dev: true

  /call-bind@1.0.2:
    resolution: {integrity: sha512-7O+FbCihrB5WGbFYesctwmTKae6rOiIzmz1icreWJ+0aA7LJfuqhEso2T9ncpcFtzMQtzXf2QGGueWJGTYsqrA==}
    dependencies:
      function-bind: 1.1.1
      get-intrinsic: 1.2.1
    dev: true

  /chalk@4.1.2:
    resolution: {integrity: sha512-oKnbhFyRIXpUuez8iBMmyEa4nbj4IOQyuhc/wy9kY7/WVPcwIO9VA668Pu8RkO7+0G76SLROeyw9CpQ061i4mA==}
    engines: {node: '>=10'}
    dependencies:
      ansi-styles: 4.3.0
      supports-color: 7.2.0
    dev: true

  /color-convert@2.0.1:
    resolution: {integrity: sha512-RRECPsj7iu/xb5oKYcsFHSppFNnsj/52OVTRKb4zP5onXwVF3zVmmToNcOfGC+CRDpfK/U584fMg38ZHCaElKQ==}
    engines: {node: '>=7.0.0'}
    dependencies:
      color-name: 1.1.4
    dev: true

  /color-name@1.1.4:
    resolution: {integrity: sha512-dOy+3AuW3a2wNbZHIuMZpTcgjGuLU/uBL/ubcZF9OXbDo8ff4O8yVp5Bf0efS8uEoYo5q4Fx7dY9OgQGXgAsQA==}
    dev: true

  /corser@2.0.1:
    resolution: {integrity: sha512-utCYNzRSQIZNPIcGZdQc92UVJYAhtGAteCFg0yRaFm8f0P+CPtyGyHXJcGXnffjCybUCEx3FQ2G7U3/o9eIkVQ==}
    engines: {node: '>= 0.4.0'}
    dev: true

  /debug@3.2.7:
    resolution: {integrity: sha512-CFjzYYAi4ThfiQvizrFQevTTXHtnCqWfe7x1AhgEscTz6ZbLbfoLRLPugTQyBth6f8ZERVUSyWHFD/7Wu4t1XQ==}
    peerDependencies:
      supports-color: '*'
    peerDependenciesMeta:
      supports-color:
        optional: true
    dependencies:
      ms: 2.1.3
    dev: true

  /eventemitter3@4.0.7:
    resolution: {integrity: sha512-8guHBZCwKnFhYdHr2ysuRWErTwhoN2X8XELRlrRwpmfeY2jjuUN4taQMsULKUVo1K4DvZl+0pgfyoysHxvmvEw==}
    dev: true

  /follow-redirects@1.15.3:
    resolution: {integrity: sha512-1VzOtuEM8pC9SFU1E+8KfTjZyMztRsgEfwQl44z8A25uy13jSzTj6dyK2Df52iV0vgHCfBwLhDWevLn95w5v6Q==}
    engines: {node: '>=4.0'}
    peerDependencies:
      debug: '*'
    peerDependenciesMeta:
      debug:
        optional: true
    dev: true

  /fsevents@2.3.2:
    resolution: {integrity: sha512-xiqMQR4xAeHTuB9uWm+fFRcIOgKBMiOBP+eXiyT7jsgVCq1bkVygt00oASowB7EdtpOHaaPgKt812P9ab+DDKA==}
    engines: {node: ^8.16.0 || ^10.6.0 || >=11.0.0}
    os: [darwin]
    requiresBuild: true
    dev: true
    optional: true

  /function-bind@1.1.1:
    resolution: {integrity: sha512-yIovAzMX49sF8Yl58fSCWJ5svSLuaibPxXQJFLmBObTuCr0Mf1KiPopGM9NiFjiYBCbfaa2Fh6breQ6ANVTI0A==}
    dev: true

  /get-intrinsic@1.2.1:
    resolution: {integrity: sha512-2DcsyfABl+gVHEfCOaTrWgyt+tb6MSEGmKq+kI5HwLbIYgjgmMcV8KQ41uaKz1xxUcn9tJtgFbQUEVcEbd0FYw==}
    dependencies:
      function-bind: 1.1.1
      has: 1.0.4
      has-proto: 1.0.1
      has-symbols: 1.0.3
    dev: true

  /has-flag@4.0.0:
    resolution: {integrity: sha512-EykJT/Q1KjTWctppgIAgfSO0tKVuZUjhgMr17kqTumMl6Afv3EISleU7qZUzoXDFTAHTDC4NOoG/ZxU3EvlMPQ==}
    engines: {node: '>=8'}
    dev: true

  /has-proto@1.0.1:
    resolution: {integrity: sha512-7qE+iP+O+bgF9clE5+UoBFzE65mlBiVj3tKCrlNQ0Ogwm0BjpT/gK4SlLYDMybDh5I3TCTKnPPa0oMG7JDYrhg==}
    engines: {node: '>= 0.4'}
    dev: true

  /has-symbols@1.0.3:
    resolution: {integrity: sha512-l3LCuF6MgDNwTDKkdYGEihYjt5pRPbEg46rtlmnSPlUbgmB8LOIrKJbYYFBSbnPaJexMKtiPO8hmeRjRz2Td+A==}
    engines: {node: '>= 0.4'}
    dev: true

  /has@1.0.4:
    resolution: {integrity: sha512-qdSAmqLF6209RFj4VVItywPMbm3vWylknmB3nvNiUIs72xAimcM8nVYxYr7ncvZq5qzk9MKIZR8ijqD/1QuYjQ==}
    engines: {node: '>= 0.4.0'}
    dev: true

  /he@1.2.0:
    resolution: {integrity: sha512-F/1DnUGPopORZi0ni+CvrCgHQ5FyEAHRLSApuYWMmrbSwoN2Mn/7k+Gl38gJnR7yyDZk6WLXwiGod1JOWNDKGw==}
    hasBin: true
    dev: true

  /html-encoding-sniffer@3.0.0:
    resolution: {integrity: sha512-oWv4T4yJ52iKrufjnyZPkrN0CH3QnrUqdB6In1g5Fe1mia8GmF36gnfNySxoZtxD5+NmYw1EElVXiBk93UeskA==}
    engines: {node: '>=12'}
    dependencies:
      whatwg-encoding: 2.0.0
    dev: true

  /http-proxy@1.18.1:
    resolution: {integrity: sha512-7mz/721AbnJwIVbnaSv1Cz3Am0ZLT/UBwkC92VlxhXv/k/BBQfM2fXElQNC27BVGr0uwUpplYPQM9LnaBMR5NQ==}
    engines: {node: '>=8.0.0'}
    dependencies:
      eventemitter3: 4.0.7
      follow-redirects: 1.15.3
      requires-port: 1.0.0
    transitivePeerDependencies:
      - debug
    dev: true

  /http-server@14.1.1:
    resolution: {integrity: sha512-+cbxadF40UXd9T01zUHgA+rlo2Bg1Srer4+B4NwIHdaGxAGGv59nYRnGGDJ9LBk7alpS0US+J+bLLdQOOkJq4A==}
    engines: {node: '>=12'}
    hasBin: true
    dependencies:
      basic-auth: 2.0.1
      chalk: 4.1.2
      corser: 2.0.1
      he: 1.2.0
      html-encoding-sniffer: 3.0.0
      http-proxy: 1.18.1
      mime: 1.6.0
      minimist: 1.2.8
      opener: 1.5.2
      portfinder: 1.0.32
      secure-compare: 3.0.1
      union: 0.5.0
      url-join: 4.0.1
    transitivePeerDependencies:
      - debug
      - supports-color
    dev: true

  /husky@8.0.3:
    resolution: {integrity: sha512-+dQSyqPh4x1hlO1swXBiNb2HzTDN1I2IGLQx1GrBuiqFJfoMrnZWwVmatvSiO+Iz8fBUnf+lekwNo4c2LlXItg==}
    engines: {node: '>=14'}
    hasBin: true
    dev: true

  /iconv-lite@0.6.3:
    resolution: {integrity: sha512-4fCk79wshMdzMp2rH06qWrJE4iolqLhCUH+OiuIgU++RB0+94NlDL81atO7GX55uUKueo0txHNtvEyI6D7WdMw==}
    engines: {node: '>=0.10.0'}
    dependencies:
      safer-buffer: 2.1.2
    dev: true

  /lodash@4.17.21:
    resolution: {integrity: sha512-v2kDEe57lecTulaDIuNTPy3Ry4gLGJ6Z1O3vE1krgXZNrsQ+LFTGHVxVjcXPs17LhbZVGedAJv8XZ1tvj5FvSg==}
    dev: true

  /mime@1.6.0:
    resolution: {integrity: sha512-x0Vn8spI+wuJ1O6S7gnbaQg8Pxh4NNHb7KSINmEWKiPE4RKOplvijn+NkmYmmRgP68mc70j2EbeTFRsrswaQeg==}
    engines: {node: '>=4'}
    hasBin: true
    dev: true

  /minimist@1.2.8:
    resolution: {integrity: sha512-2yyAR8qBkN3YuheJanUpWC5U3bb5osDywNB8RzDVlDwDHbocAJveqqj1u8+SVD7jkWT4yvsHCpWqqWqAxb0zCA==}
    dev: true

  /mkdirp@0.5.6:
    resolution: {integrity: sha512-FP+p8RB8OWpF3YZBCrP5gtADmtXApB5AMLn+vdyA+PyxCjrCs00mjyUozssO33cwDeT3wNGdLxJ5M//YqtHAJw==}
    hasBin: true
    dependencies:
      minimist: 1.2.8
    dev: true

  /ms@2.1.3:
    resolution: {integrity: sha512-6FlzubTLZG3J2a/NVCAleEhjzq5oxgHyaCU9yYXvcLsvoVaHJq/s5xXI6/XXP6tz7R9xAOtHnSO/tXtF3WRTlA==}
    dev: true

  /object-inspect@1.12.3:
    resolution: {integrity: sha512-geUvdk7c+eizMNUDkRpW1wJwgfOiOeHbxBR/hLXK1aT6zmVSO0jsQcs7fj6MGw89jC/cjGfLcNOrtMYtGqm81g==}
    dev: true

  /opener@1.5.2:
    resolution: {integrity: sha512-ur5UIdyw5Y7yEj9wLzhqXiy6GZ3Mwx0yGI+5sMn2r0N0v3cKJvUmFH5yPP+WXh9e0xfyzyJX95D8l088DNFj7A==}
    hasBin: true
    dev: true

  /playwright-core@1.38.1:
    resolution: {integrity: sha512-tQqNFUKa3OfMf4b2jQ7aGLB8o9bS3bOY0yMEtldtC2+spf8QXG9zvXLTXUeRsoNuxEYMgLYR+NXfAa1rjKRcrg==}
    engines: {node: '>=16'}
    hasBin: true
    dev: true

  /playwright@1.38.1:
    resolution: {integrity: sha512-oRMSJmZrOu1FP5iu3UrCx8JEFRIMxLDM0c/3o4bpzU5Tz97BypefWf7TuTNPWeCe279TPal5RtPPZ+9lW/Qkow==}
    engines: {node: '>=16'}
    hasBin: true
    dependencies:
      playwright-core: 1.38.1
    optionalDependencies:
      fsevents: 2.3.2
    dev: true

  /portfinder@1.0.32:
    resolution: {integrity: sha512-on2ZJVVDXRADWE6jnQaX0ioEylzgBpQk8r55NE4wjXW1ZxO+BgDlY6DXwj20i0V8eB4SenDQ00WEaxfiIQPcxg==}
    engines: {node: '>= 0.12.0'}
    dependencies:
      async: 2.6.4
      debug: 3.2.7
      mkdirp: 0.5.6
    transitivePeerDependencies:
      - supports-color
    dev: true

  /qs@6.11.2:
    resolution: {integrity: sha512-tDNIz22aBzCDxLtVH++VnTfzxlfeK5CbqohpSqpJgj1Wg/cQbStNAz3NuqCs5vV+pjBsK4x4pN9HlVh7rcYRiA==}
    engines: {node: '>=0.6'}
    dependencies:
      side-channel: 1.0.4
    dev: true

  /requires-port@1.0.0:
    resolution: {integrity: sha512-KigOCHcocU3XODJxsu8i/j8T9tzT4adHiecwORRQ0ZZFcp7ahwXuRU1m+yuO90C5ZUyGeGfocHDI14M3L3yDAQ==}
    dev: true

  /safe-buffer@5.1.2:
    resolution: {integrity: sha512-Gd2UZBJDkXlY7GbJxfsE8/nvKkUEU1G38c1siN6QP6a9PT9MmHB8GnpscSmMJSoF8LOIrt8ud/wPtojys4G6+g==}
    dev: true

  /safer-buffer@2.1.2:
    resolution: {integrity: sha512-YZo3K82SD7Riyi0E1EQPojLz7kpepnSQI9IyPbHHg1XXXevb5dJI7tpyN2ADxGcQbHG7vcyRHk0cbwqcQriUtg==}
    dev: true

  /secure-compare@3.0.1:
    resolution: {integrity: sha512-AckIIV90rPDcBcglUwXPF3kg0P0qmPsPXAj6BBEENQE1p5yA1xfmDJzfi1Tappj37Pv2mVbKpL3Z1T+Nn7k1Qw==}
    dev: true

  /side-channel@1.0.4:
    resolution: {integrity: sha512-q5XPytqFEIKHkGdiMIrY10mvLRvnQh42/+GoBlFW3b2LXLE2xxJpZFdm94we0BaoV3RwJyGqg5wS7epxTv0Zvw==}
    dependencies:
      call-bind: 1.0.2
      get-intrinsic: 1.2.1
      object-inspect: 1.12.3
    dev: true

  /supports-color@7.2.0:
    resolution: {integrity: sha512-qpCAvRl9stuOHveKsn7HncJRvv501qIacKzQlO/+Lwxc9+0q2wLyv4Dfvt80/DPn2pqOBsJdDiogXGR9+OvwRw==}
    engines: {node: '>=8'}
    dependencies:
      has-flag: 4.0.0
    dev: true

  /typescript@4.4.4:
    resolution: {integrity: sha512-DqGhF5IKoBl8WNf8C1gu8q0xZSInh9j1kJJMqT3a94w1JzVaBU4EXOSMrz9yDqMT0xt3selp83fuFMQ0uzv6qA==}
    engines: {node: '>=4.2.0'}
    hasBin: true
    dev: true

  /union@0.5.0:
    resolution: {integrity: sha512-N6uOhuW6zO95P3Mel2I2zMsbsanvvtgn6jVqJv4vbVcz/JN0OkL9suomjQGmWtxJQXOCqUJvquc1sMeNz/IwlA==}
    engines: {node: '>= 0.8.0'}
    dependencies:
      qs: 6.11.2
    dev: true

  /url-join@4.0.1:
    resolution: {integrity: sha512-jk1+QP6ZJqyOiuEI9AEWQfju/nB2Pw466kbA0LEZljHwKeMgd9WrAEgEGxjPDD2+TNbbb37rTyhEfrCXfuKXnA==}
    dev: true

  /whatwg-encoding@2.0.0:
    resolution: {integrity: sha512-p41ogyeMUrw3jWclHWTQg1k05DSVXPLcVxRTYsXUk+ZooOCZLcoYgPZ/HL/D/N+uQPOtcp1me1WhBEaX02mhWg==}
    engines: {node: '>=12'}
    dependencies:
      iconv-lite: 0.6.3
    dev: true
