# This file is automatically @generated by Poetry 2.1.3 and should not be changed by hand.

[[package]]
name = "hiveio-schemas"
version = "1.28.2.dev20261006095443"
description = "Tools for checking if message fits expected format"
optional = false
python-versions = ">=3.12,<4"
groups = ["main"]
files = [
    {file = "hiveio_schemas-1.28.2.dev20261006095443-py3-none-any.whl", hash = "sha256:d88a2a39449d7d7e10f03d62c4fff8bf862af56d8b784da84c766d0c918cc036"},
]

[package.dependencies]
msgspec = ">=0.20.0,<0.21.0"

[package.source]
type = "legacy"
url = "https://gitlab.syncad.com/api/v4/groups/136/-/packages/pypi/simple"
reference = "gitlab-hive"

[[package]]
name = "msgspec"
version = "0.20.0"
description = "A fast serialization and validation library, with builtin support for JSON, MessagePack, YAML, and TOML."
optional = false
python-versions = ">=3.9"
groups = ["main"]
files = [
    {file = "msgspec-0.20.0-cp310-cp310-macosx_10_9_x86_64.whl", hash = "sha256:23a6ec2a3b5038c233b04740a545856a068bc5cb8db184ff493a58e08c994fbf"},
    {file = "msgspec-0.20.0-cp310-cp310-macosx_11_0_arm64.whl", hash = "sha256:cde2c41ed3eaaef6146365cb0d69580078a19f974c6cb8165cc5dcd5734f573e"},
    {file = "msgspec-0.20.0-cp310-cp310-manylinux2014_aarch64.manylinux_2_17_aarch64.manylinux_2_28_aarch64.whl", hash = "sha256:5da0daa782f95d364f0d95962faed01e218732aa1aa6cad56b25a5d2092e75a4"},
    {file = "msgspec-0.20.0-cp310-cp310-manylinux2014_x86_64.manylinux_2_17_x86_64.manylinux_2_28_x86_64.whl", hash = "sha256:9369d5266144bef91be2940a3821e03e51a93c9080fde3ef72728c3f0a3a8bb7"},
    {file = "msgspec-0.20.0-cp310-cp310-musllinux_1_2_aarch64.whl", hash = "sha256:90fb865b306ca92c03964a5f3d0cd9eb1adda14f7e5ac7943efd159719ea9f10"},
    {file = "msgspec-0.20.0-cp310-cp310-musllinux_1_2_x86_64.whl", hash = "sha256:e8112cd48b67dfc0cfa49fc812b6ce7eb37499e1d95b9575061683f3428975d3"},
    {file = "msgspec-0.20.0-cp310-cp310-win_amd64.whl", hash = "sha256:666b966d503df5dc27287675f525a56b6e66a2b8e8ccd2877b0c01328f19ae6c"},
    {file = "msgspec-0.20.0-cp310-cp310-win_arm64.whl", hash = "sha256:099e3e85cd5b238f2669621be65f0728169b8c7cb7ab07f6137b02dc7feea781"},
    {file = "msgspec-0.20.0-cp311-cp311-macosx_10_9_x86_64.whl", hash = "sha256:09e0efbf1ac641fedb1d5496c59507c2f0dc62a052189ee62c763e0aae217520"},
    {file = "msgspec-0.20.0-cp311-cp311-macosx_11_0_arm64.whl", hash = "sha256:23ee3787142e48f5ee746b2909ce1b76e2949fbe0f97f9f6e70879f06c218b54"},
    {file = "msgspec-0.20.0-cp311-cp311-manylinux2014_aarch64.manylinux_2_17_aarch64.manylinux_2_28_aarch64.whl", hash = "sha256:81f4ac6f0363407ac0465eff5c7d4d18f26870e00674f8fcb336d898a1e36854"},
    {file = "msgspec-0.20.0-cp311-cp311-manylinux2014_x86_64.manylinux_2_17_x86_64.manylinux_2_28_x86_64.whl", hash = "sha256:bb4d873f24ae18cd1334f4e37a178ed46c9d186437733351267e0a269bdf7e53"},
    {file = "msgspec-0.20.0-cp311-cp311-musllinux_1_2_aarch64.whl", hash = "sha256:b92b8334427b8393b520c24ff53b70f326f79acf5f74adb94fd361bcff8a1d4e"},
    {file = "msgspec-0.20.0-cp311-cp311-musllinux_1_2_x86_64.whl", hash = "sha256:562c44b047c05cc0384e006fae7a5e715740215c799429e0d7e3e5adf324285a"},
    {file = "msgspec-0.20.0-cp311-cp311-win_amd64.whl", hash = "sha256:d1dcc93a3ce3d3195985bfff18a48274d0b5ffbc96fa1c5b89da6f0d9af81b29"},
    {file = "msgspec-0.20.0-cp311-cp311-win_arm64.whl", hash = "sha256:aa387aa330d2e4bd69995f66ea8fdc87099ddeedf6fdb232993c6a67711e7520"},
    {file = "msgspec-0.20.0-cp312-cp312-macosx_10_13_x86_64.whl", hash = "sha256:2aba22e2e302e9231e85edc24f27ba1f524d43c223ef5765bd8624c7df9ec0a5"},
    {file = "msgspec-0.20.0-cp312-cp312-macosx_11_0_arm64.whl", hash = "sha256:716284f898ab2547fedd72a93bb940375de9fbfe77538f05779632dc34afdfde"},
    {file = "msgspec-0.20.0-cp312-cp312-manylinux2014_aarch64.manylinux_2_17_aarch64.manylinux_2_28_aarch64.whl", hash = "sha256:558ed73315efa51b1538fa8f1d3b22c8c5ff6d9a2a62eff87d25829b94fc5054"},
    {file = "msgspec-0.20.0-cp312-cp312-manylinux2014_x86_64.manylinux_2_17_x86_64.manylinux_2_28_x86_64.whl", hash = "sha256:509ac1362a1d53aa66798c9b9fd76872d7faa30fcf89b2fba3bcbfd559d56eb0"},
    {file = "msgspec-0.20.0-cp312-cp312-musllinux_1_2_aarch64.whl", hash = "sha256:1353c2c93423602e7dea1aa4c92f3391fdfc25ff40e0bacf81d34dbc68adb870"},
    {file = "msgspec-0.20.0-cp312-cp312-musllinux_1_2_x86_64.whl", hash = "sha256:cb33b5eb5adb3c33d749684471c6a165468395d7aa02d8867c15103b81e1da3e"},
    {file = "msgspec-0.20.0-cp312-cp312-win_amd64.whl", hash = "sha256:fb1d934e435dd3a2b8cf4bbf47a8757100b4a1cfdc2afdf227541199885cdacb"},
    {file = "msgspec-0.20.0-cp312-cp312-win_arm64.whl", hash = "sha256:00648b1e19cf01b2be45444ba9dc961bd4c056ffb15706651e64e5d6ec6197b7"},
    {file = "msgspec-0.20.0-cp313-cp313-macosx_10_13_x86_64.whl", hash = "sha256:9c1ff8db03be7598b50dd4b4a478d6fe93faae3bd54f4f17aa004d0e46c14c46"},
    {file = "msgspec-0.20.0-cp313-cp313-macosx_11_0_arm64.whl", hash = "sha256:f6532369ece217fd37c5ebcfd7e981f2615628c21121b7b2df9d3adcf2fd69b8"},
    {file = "msgspec-0.20.0-cp313-cp313-manylinux2014_aarch64.manylinux_2_17_aarch64.manylinux_2_28_aarch64.whl", hash = "sha256:f9a1697da2f85a751ac3cc6a97fceb8e937fc670947183fb2268edaf4016d1ee"},
    {file = "msgspec-0.20.0-cp313-cp313-manylinux2014_x86_64.manylinux_2_17_x86_64.manylinux_2_28_x86_64.whl", hash = "sha256:7fac7e9c92eddcd24c19d9e5f6249760941485dff97802461ae7c995a2450111"},
    {file = "msgspec-0.20.0-cp313-cp313-musllinux_1_2_aarch64.whl", hash = "sha256:f953a66f2a3eb8d5ea64768445e2bb301d97609db052628c3e1bcb7d87192a9f"},
    {file = "msgspec-0.20.0-cp313-cp313-musllinux_1_2_x86_64.whl", hash = "sha256:247af0313ae64a066d3aea7ba98840f6681ccbf5c90ba9c7d17f3e39dbba679c"},
    {file = "msgspec-0.20.0-cp313-cp313-win_amd64.whl", hash = "sha256:67d5e4dfad52832017018d30a462604c80561aa62a9d548fc2bd4e430b66a352"},
    {file = "msgspec-0.20.0-cp313-cp313-win_arm64.whl", hash = "sha256:91a52578226708b63a9a13de287b1ec3ed1123e4a088b198143860c087770458"},
    {file = "msgspec-0.20.0-cp314-cp314-macosx_10_15_x86_64.whl", hash = "sha256:eead16538db1b3f7ec6e3ed1f6f7c5dec67e90f76e76b610e1ffb5671815633a"},
    {file = "msgspec-0.20.0-cp314-cp314-macosx_11_0_arm64.whl", hash = "sha256:703c3bb47bf47801627fb1438f106adbfa2998fe586696d1324586a375fca238"},
    {file = "msgspec-0.20.0-cp314-cp314-manylinux2014_aarch64.manylinux_2_17_aarch64.manylinux_2_28_aarch64.whl", hash = "sha256:6cdb227dc585fb109305cee0fd304c2896f02af93ecf50a9c84ee54ee67dbb42"},
    {file = "msgspec-0.20.0-cp314-cp314-manylinux2014_x86_64.manylinux_2_17_x86_64.manylinux_2_28_x86_64.whl", hash = "sha256:27d35044dd8818ac1bd0fedb2feb4fbdff4e3508dd7c5d14316a12a2d96a0de0"},
    {file = "msgspec-0.20.0-cp314-cp314-musllinux_1_2_aarch64.whl", hash = "sha256:b4296393a29ee42dd25947981c65506fd4ad39beaf816f614146fa0c5a6c91ae"},
    {file = "msgspec-0.20.0-cp314-cp314-musllinux_1_2_x86_64.whl", hash = "sha256:205fbdadd0d8d861d71c8f3399fe1a82a2caf4467bc8ff9a626df34c12176980"},
    {file = "msgspec-0.20.0-cp314-cp314-win_amd64.whl", hash = "sha256:7dfebc94fe7d3feec6bc6c9df4f7e9eccc1160bb5b811fbf3e3a56899e398a6b"},
    {file = "msgspec-0.20.0-cp314-cp314-win_arm64.whl", hash = "sha256:2ad6ae36e4a602b24b4bf4eaf8ab5a441fec03e1f1b5931beca8ebda68f53fc0"},
    {file = "msgspec-0.20.0-cp314-cp314t-macosx_10_15_x86_64.whl", hash = "sha256:f84703e0e6ef025663dd1de828ca028774797b8155e070e795c548f76dde65d5"},
    {file = "msgspec-0.20.0-cp314-cp314t-macosx_11_0_arm64.whl", hash = "sha256:7c83fc24dd09cf1275934ff300e3951b3adc5573f0657a643515cc16c7dee131"},
    {file = "msgspec-0.20.0-cp314-cp314t-manylinux2014_aarch64.manylinux_2_17_aarch64.manylinux_2_28_aarch64.whl", hash = "sha256:5f13ccb1c335a124e80c4562573b9b90f01ea9521a1a87f7576c2e281d547f56"},
    {file = "msgspec-0.20.0-cp314-cp314t-manylinux2014_x86_64.manylinux_2_17_x86_64.manylinux_2_28_x86_64.whl", hash = "sha256:17c2b5ca19f19306fc83c96d85e606d2cc107e0caeea85066b5389f664e04846"},
    {file = "msgspec-0.20.0-cp314-cp314t-musllinux_1_2_aarch64.whl", hash = "sha256:d931709355edabf66c2dd1a756b2d658593e79882bc81aae5964969d5a291b63"},
    {file = "msgspec-0.20.0-cp314-cp314t-musllinux_1_2_x86_64.whl", hash = "sha256:565f915d2e540e8a0c93a01ff67f50aebe1f7e22798c6a25873f9fda8d1325f8"},
    {file = "msgspec-0.20.0-cp314-cp314t-win_amd64.whl", hash = "sha256:726f3e6c3c323f283f6021ebb6c8ccf58d7cd7baa67b93d73bfbe9a15c34ab8d"},
    {file = "msgspec-0.20.0-cp314-cp314t-win_arm64.whl", hash = "sha256:93f23528edc51d9f686808a361728e903d6f2be55c901d6f5c92e44c6d546bfc"},
    {file = "msgspec-0.20.0-cp39-cp39-macosx_10_9_x86_64.whl", hash = "sha256:eee56472ced14602245ac47516e179d08c6c892d944228796f239e983de7449c"},
    {file = "msgspec-0.20.0-cp39-cp39-macosx_11_0_arm64.whl", hash = "sha256:19395e9a08cc5bd0e336909b3e13b4ae5ee5e47b82e98f8b7801d5a13806bb6f"},
    {file = "msgspec-0.20.0-cp39-cp39-manylinux2014_aarch64.manylinux_2_17_aarch64.manylinux_2_28_aarch64.whl", hash = "sha256:d5bb7ce84fe32f6ce9f62aa7e7109cb230ad542cc5bc9c46e587f1dac4afc48e"},
    {file = "msgspec-0.20.0-cp39-cp39-manylinux2014_x86_64.manylinux_2_17_x86_64.manylinux_2_28_x86_64.whl", hash = "sha256:8c6da9ae2d76d11181fbb0ea598f6e1d558ef597d07ec46d689d17f68133769f"},
    {file = "msgspec-0.20.0-cp39-cp39-musllinux_1_2_aarch64.whl", hash = "sha256:84d88bd27d906c471a5ca232028671db734111996ed1160e37171a8d1f07a599"},
    {file = "msgspec-0.20.0-cp39-cp39-musllinux_1_2_x86_64.whl", hash = "sha256:03907bf733f94092a6b4c5285b274f79947cad330bd8a9d8b45c0369e1a3c7f0"},
    {file = "msgspec-0.20.0-cp39-cp39-win_amd64.whl", hash = "sha256:9fbcb660632a2f5c247c0dc820212bf3a423357ac6241ff6dc6cfc6f72584016"},
    {file = "msgspec-0.20.0-cp39-cp39-win_arm64.whl", hash = "sha256:f7cd0e89b86a16005745cb99bd1858e8050fc17f63de571504492b267bca188a"},
    {file = "msgspec-0.20.0.tar.gz", hash = "sha256:692349e588fde322875f8d3025ac01689fead5901e7fb18d6870a44519d62a29"},
]

[package.extras]
toml = ["tomli ; python_version < \"3.11\"", "tomli_w"]
yaml = ["pyyaml"]

[metadata]
lock-version = "2.1"
python-versions = ">=3.12,<4"
content-hash = "8d3fc5e8320066d3319d41fcee50253164b09c9b108192d719f21e46dbb08ca0"
