lockfileVersion: '9.0'

settings:
  autoInstallPeers: true
  excludeLinksFromLockfile: false

importers:

  .:
    dependencies:
      '@hiveio/beekeeper':
        specifier: file:../../beekeeper_wasm
        version: file:../../beekeeper_wasm
    devDependencies:
      '@playwright/test':
        specifier: 1.56.1
        version: 1.56.1
      '@rollup/plugin-node-resolve':
        specifier: ^16.0.1
        version: 16.0.1(rollup@4.40.2)
      '@rollup/plugin-replace':
        specifier: ^6.0.2
        version: 6.0.2(rollup@4.40.2)
      '@types/sharedworker':
        specifier: ^0.0.159
        version: 0.0.159
      '@web/rollup-plugin-import-meta-assets':
        specifier: ^2.2.1
        version: 2.2.1(rollup@4.40.2)
      http-server:
        specifier: ^14.1.1
        version: 14.1.1
      playwright:
        specifier: 1.56.1
        version: 1.56.1
      rollup:
        specifier: ^4.40.2
        version: 4.40.2
      typescript:
        specifier: ^5.8.3
        version: 5.8.3

packages:

  '@hiveio/beekeeper@file:../../beekeeper_wasm':
    resolution: {directory: ../../beekeeper_wasm, type: directory}
    engines: {node: ^20.11 || >= 21.2}

  '@jridgewell/sourcemap-codec@1.5.0':
    resolution: {integrity: sha512-gv3ZRaISU3fjPAgNsriBRqGWQL6quFx04YMPW/zD8XMLsU32mhCCbfbO6KZFLjvYpCZ8zyDEgqsgf+PwPaM7GQ==}

  '@nodelib/fs.scandir@2.1.5':
    resolution: {integrity: sha512-vq24Bq3ym5HEQm2NKCr3yXDwjc7vTsEThRDnkp2DK9p1uqLR+DHurm/NOTo0KG7HYHU7eppKZj3MyqYuMBf62g==}
    engines: {node: '>= 8'}

  '@nodelib/fs.stat@2.0.5':
    resolution: {integrity: sha512-RkhPPp2zrqDAQA/2jNhnztcPAlv64XdhIp7a7454A5ovI7Bukxgt7MX7udwAu3zg1DcpPU0rz3VV1SeaqvY4+A==}
    engines: {node: '>= 8'}

  '@nodelib/fs.walk@1.2.8':
    resolution: {integrity: sha512-oGB+UxlgWcgQkgwo8GcEGwemoTFt3FIO9ababBmaGwXIoBKZ+GTy0pP185beGg7Llih/NSHSV2XAs1lnznocSg==}
    engines: {node: '>= 8'}

  '@playwright/test@1.56.1':
    resolution: {integrity: sha512-vSMYtL/zOcFpvJCW71Q/OEGQb7KYBPAdKh35WNSkaZA75JlAO8ED8UN6GUNTm3drWomcbcqRPFqQbLae8yBTdg==}
    engines: {node: '>=18'}
    hasBin: true

  '@rollup/plugin-dynamic-import-vars@2.1.5':
    resolution: {integrity: sha512-Mymi24fd9hlRifdZV/jYIFj1dn99F34imiYu3KzlAcgBcRi3i9SucgW/VRo5SQ9K4NuQ7dCep6pFWgNyhRdFHQ==}
    engines: {node: '>=14.0.0'}
    peerDependencies:
      rollup: ^1.20.0||^2.0.0||^3.0.0||^4.0.0
    peerDependenciesMeta:
      rollup:
        optional: true

  '@rollup/plugin-node-resolve@16.0.1':
    resolution: {integrity: sha512-tk5YCxJWIG81umIvNkSod2qK5KyQW19qcBF/B78n1bjtOON6gzKoVeSzAE8yHCZEDmqkHKkxplExA8KzdJLJpA==}
    engines: {node: '>=14.0.0'}
    peerDependencies:
      rollup: ^2.78.0||^3.0.0||^4.0.0
    peerDependenciesMeta:
      rollup:
        optional: true

  '@rollup/plugin-replace@6.0.2':
    resolution: {integrity: sha512-7QaYCf8bqF04dOy7w/eHmJeNExxTYwvKAmlSAH/EaWWUzbT0h5sbF6bktFoX/0F/0qwng5/dWFMyf3gzaM8DsQ==}
    engines: {node: '>=14.0.0'}
    peerDependencies:
      rollup: ^1.20.0||^2.0.0||^3.0.0||^4.0.0
    peerDependenciesMeta:
      rollup:
        optional: true

  '@rollup/pluginutils@5.1.4':
    resolution: {integrity: sha512-USm05zrsFxYLPdWWq+K3STlWiT/3ELn3RcV5hJMghpeAIhxfsUIg6mt12CBJBInWMV4VneoV7SfGv8xIwo2qNQ==}
    engines: {node: '>=14.0.0'}
    peerDependencies:
      rollup: ^1.20.0||^2.0.0||^3.0.0||^4.0.0
    peerDependenciesMeta:
      rollup:
        optional: true

  '@rollup/rollup-android-arm-eabi@4.40.2':
    resolution: {integrity: sha512-JkdNEq+DFxZfUwxvB58tHMHBHVgX23ew41g1OQinthJ+ryhdRk67O31S7sYw8u2lTjHUPFxwar07BBt1KHp/hg==}
    cpu: [arm]
    os: [android]

  '@rollup/rollup-android-arm64@4.40.2':
    resolution: {integrity: sha512-13unNoZ8NzUmnndhPTkWPWbX3vtHodYmy+I9kuLxN+F+l+x3LdVF7UCu8TWVMt1POHLh6oDHhnOA04n8oJZhBw==}
    cpu: [arm64]
    os: [android]

  '@rollup/rollup-darwin-arm64@4.40.2':
    resolution: {integrity: sha512-Gzf1Hn2Aoe8VZzevHostPX23U7N5+4D36WJNHK88NZHCJr7aVMG4fadqkIf72eqVPGjGc0HJHNuUaUcxiR+N/w==}
    cpu: [arm64]
    os: [darwin]

  '@rollup/rollup-darwin-x64@4.40.2':
    resolution: {integrity: sha512-47N4hxa01a4x6XnJoskMKTS8XZ0CZMd8YTbINbi+w03A2w4j1RTlnGHOz/P0+Bg1LaVL6ufZyNprSg+fW5nYQQ==}
    cpu: [x64]
    os: [darwin]

  '@rollup/rollup-freebsd-arm64@4.40.2':
    resolution: {integrity: sha512-8t6aL4MD+rXSHHZUR1z19+9OFJ2rl1wGKvckN47XFRVO+QL/dUSpKA2SLRo4vMg7ELA8pzGpC+W9OEd1Z/ZqoQ==}
    cpu: [arm64]
    os: [freebsd]

  '@rollup/rollup-freebsd-x64@4.40.2':
    resolution: {integrity: sha512-C+AyHBzfpsOEYRFjztcYUFsH4S7UsE9cDtHCtma5BK8+ydOZYgMmWg1d/4KBytQspJCld8ZIujFMAdKG1xyr4Q==}
    cpu: [x64]
    os: [freebsd]

  '@rollup/rollup-linux-arm-gnueabihf@4.40.2':
    resolution: {integrity: sha512-de6TFZYIvJwRNjmW3+gaXiZ2DaWL5D5yGmSYzkdzjBDS3W+B9JQ48oZEsmMvemqjtAFzE16DIBLqd6IQQRuG9Q==}
    cpu: [arm]
    os: [linux]

  '@rollup/rollup-linux-arm-musleabihf@4.40.2':
    resolution: {integrity: sha512-urjaEZubdIkacKc930hUDOfQPysezKla/O9qV+O89enqsqUmQm8Xj8O/vh0gHg4LYfv7Y7UsE3QjzLQzDYN1qg==}
    cpu: [arm]
    os: [linux]

  '@rollup/rollup-linux-arm64-gnu@4.40.2':
    resolution: {integrity: sha512-KlE8IC0HFOC33taNt1zR8qNlBYHj31qGT1UqWqtvR/+NuCVhfufAq9fxO8BMFC22Wu0rxOwGVWxtCMvZVLmhQg==}
    cpu: [arm64]
    os: [linux]

  '@rollup/rollup-linux-arm64-musl@4.40.2':
    resolution: {integrity: sha512-j8CgxvfM0kbnhu4XgjnCWJQyyBOeBI1Zq91Z850aUddUmPeQvuAy6OiMdPS46gNFgy8gN1xkYyLgwLYZG3rBOg==}
    cpu: [arm64]
    os: [linux]

  '@rollup/rollup-linux-loongarch64-gnu@4.40.2':
    resolution: {integrity: sha512-Ybc/1qUampKuRF4tQXc7G7QY9YRyeVSykfK36Y5Qc5dmrIxwFhrOzqaVTNoZygqZ1ZieSWTibfFhQ5qK8jpWxw==}
    cpu: [loong64]
    os: [linux]

  '@rollup/rollup-linux-powerpc64le-gnu@4.40.2':
    resolution: {integrity: sha512-3FCIrnrt03CCsZqSYAOW/k9n625pjpuMzVfeI+ZBUSDT3MVIFDSPfSUgIl9FqUftxcUXInvFah79hE1c9abD+Q==}
    cpu: [ppc64]
    os: [linux]

  '@rollup/rollup-linux-riscv64-gnu@4.40.2':
    resolution: {integrity: sha512-QNU7BFHEvHMp2ESSY3SozIkBPaPBDTsfVNGx3Xhv+TdvWXFGOSH2NJvhD1zKAT6AyuuErJgbdvaJhYVhVqrWTg==}
    cpu: [riscv64]
    os: [linux]

  '@rollup/rollup-linux-riscv64-musl@4.40.2':
    resolution: {integrity: sha512-5W6vNYkhgfh7URiXTO1E9a0cy4fSgfE4+Hl5agb/U1sa0kjOLMLC1wObxwKxecE17j0URxuTrYZZME4/VH57Hg==}
    cpu: [riscv64]
    os: [linux]

  '@rollup/rollup-linux-s390x-gnu@4.40.2':
    resolution: {integrity: sha512-B7LKIz+0+p348JoAL4X/YxGx9zOx3sR+o6Hj15Y3aaApNfAshK8+mWZEf759DXfRLeL2vg5LYJBB7DdcleYCoQ==}
    cpu: [s390x]
    os: [linux]

  '@rollup/rollup-linux-x64-gnu@4.40.2':
    resolution: {integrity: sha512-lG7Xa+BmBNwpjmVUbmyKxdQJ3Q6whHjMjzQplOs5Z+Gj7mxPtWakGHqzMqNER68G67kmCX9qX57aRsW5V0VOng==}
    cpu: [x64]
    os: [linux]

  '@rollup/rollup-linux-x64-musl@4.40.2':
    resolution: {integrity: sha512-tD46wKHd+KJvsmije4bUskNuvWKFcTOIM9tZ/RrmIvcXnbi0YK/cKS9FzFtAm7Oxi2EhV5N2OpfFB348vSQRXA==}
    cpu: [x64]
    os: [linux]

  '@rollup/rollup-win32-arm64-msvc@4.40.2':
    resolution: {integrity: sha512-Bjv/HG8RRWLNkXwQQemdsWw4Mg+IJ29LK+bJPW2SCzPKOUaMmPEppQlu/Fqk1d7+DX3V7JbFdbkh/NMmurT6Pg==}
    cpu: [arm64]
    os: [win32]

  '@rollup/rollup-win32-ia32-msvc@4.40.2':
    resolution: {integrity: sha512-dt1llVSGEsGKvzeIO76HToiYPNPYPkmjhMHhP00T9S4rDern8P2ZWvWAQUEJ+R1UdMWJ/42i/QqJ2WV765GZcA==}
    cpu: [ia32]
    os: [win32]

  '@rollup/rollup-win32-x64-msvc@4.40.2':
    resolution: {integrity: sha512-bwspbWB04XJpeElvsp+DCylKfF4trJDa2Y9Go8O6A7YLX2LIKGcNK/CYImJN6ZP4DcuOHB4Utl3iCbnR62DudA==}
    cpu: [x64]
    os: [win32]

  '@types/estree@1.0.7':
    resolution: {integrity: sha512-w28IoSUCJpidD/TGviZwwMJckNESJZXFu7NBZ5YJ4mEUnNraUn9Pm8HSZm/jDF1pDWYKspWE7oVphigUPRakIQ==}

  '@types/resolve@1.20.2':
    resolution: {integrity: sha512-60BCwRFOZCQhDncwQdxxeOEEkbc5dIMccYLwbxsS4TUNeVECQ/pBJ0j09mrHOl/JJvpRPGwO9SvE4nR2Nb/a4Q==}

  '@types/sharedworker@0.0.159':
    resolution: {integrity: sha512-bCgcRCBL+43QL2ydPwXqfE+c26qqERUh+UA3tORp/G3GDtF7mCh/or3H3XQ/SdwZVz9G/2rOoHcVDRxnLrXA3A==}

  '@web/rollup-plugin-import-meta-assets@2.2.1':
    resolution: {integrity: sha512-nG7nUQqSJWdl63pBTmnIElJuFi2V1x9eVje19BJuFvfz266jSmZtX3m30ncb7fOJxQt3/ge+FVL8tuNI9+63dQ==}
    engines: {node: '>=18.0.0'}

  ansi-styles@4.3.0:
    resolution: {integrity: sha512-zbB9rCJAT1rbjiVDb2hqKFHNYLxgtk8NURxZ3IZwD3F6NtxbXZQCnnSi1Lkx+IDohdPlFp222wVALIheZJQSEg==}
    engines: {node: '>=8'}

  astring@1.9.0:
    resolution: {integrity: sha512-LElXdjswlqjWrPpJFg1Fx4wpkOCxj1TDHlSV4PlaRxHGWko024xICaa97ZkMfs6DRKlCguiAI+rbXv5GWwXIkg==}
    hasBin: true

  async@3.2.6:
    resolution: {integrity: sha512-htCUDlxyyCLMgaM3xXg0C0LW2xqfuQ6p05pCEIsXuyQ+a1koYKTuBMzRNwmybfLgvJDMd0r1LTn4+E0Ti6C2AA==}

  basic-auth@2.0.1:
    resolution: {integrity: sha512-NF+epuEdnUYVlGuhaxbbq+dvJttwLnGY+YixlXlME5KpQ5W3CnXA5cVTneY3SPbPDRkcjMbifrwmFYcClgOZeg==}
    engines: {node: '>= 0.8'}

  braces@3.0.3:
    resolution: {integrity: sha512-yQbXgO/OSZVD2IsiLlro+7Hf6Q18EJrKSEsdoMzKePKXct3gvD8oLcOQdIzGupr5Fj+EDe8gO/lxc1BzfMpxvA==}
    engines: {node: '>=8'}

  call-bind-apply-helpers@1.0.2:
    resolution: {integrity: sha512-Sp1ablJ0ivDkSzjcaJdxEunN5/XvksFJ2sMBFfq6x0ryhQV/2b/KwFe21cMpmHtPOSij8K99/wSfoEuTObmuMQ==}
    engines: {node: '>= 0.4'}

  call-bound@1.0.4:
    resolution: {integrity: sha512-+ys997U96po4Kx/ABpBCqhA9EuxJaQWDQg7295H4hBphv3IZg0boBKuwYpt4YXp6MZ5AmZQnU/tyMTlRpaSejg==}
    engines: {node: '>= 0.4'}

  chalk@4.1.2:
    resolution: {integrity: sha512-oKnbhFyRIXpUuez8iBMmyEa4nbj4IOQyuhc/wy9kY7/WVPcwIO9VA668Pu8RkO7+0G76SLROeyw9CpQ061i4mA==}
    engines: {node: '>=10'}

  color-convert@2.0.1:
    resolution: {integrity: sha512-RRECPsj7iu/xb5oKYcsFHSppFNnsj/52OVTRKb4zP5onXwVF3zVmmToNcOfGC+CRDpfK/U584fMg38ZHCaElKQ==}
    engines: {node: '>=7.0.0'}

  color-name@1.1.4:
    resolution: {integrity: sha512-dOy+3AuW3a2wNbZHIuMZpTcgjGuLU/uBL/ubcZF9OXbDo8ff4O8yVp5Bf0efS8uEoYo5q4Fx7dY9OgQGXgAsQA==}

  corser@2.0.1:
    resolution: {integrity: sha512-utCYNzRSQIZNPIcGZdQc92UVJYAhtGAteCFg0yRaFm8f0P+CPtyGyHXJcGXnffjCybUCEx3FQ2G7U3/o9eIkVQ==}
    engines: {node: '>= 0.4.0'}

  debug@4.4.0:
    resolution: {integrity: sha512-6WTZ/IxCY/T6BALoZHaE4ctp9xm+Z5kY/pzYaCHRFeyVhojxlrm+46y68HA6hr0TcwEssoxNiDEUJQjfPZ/RYA==}
    engines: {node: '>=6.0'}
    peerDependencies:
      supports-color: '*'
    peerDependenciesMeta:
      supports-color:
        optional: true

  deepmerge@4.3.1:
    resolution: {integrity: sha512-3sUqbMEc77XqpdNO7FRyRog+eW3ph+GYCbj+rK+uYyRMuwsVy0rMiVtPn+QJlKFvWP/1PYpapqYn0Me2knFn+A==}
    engines: {node: '>=0.10.0'}

  dir-glob@3.0.1:
    resolution: {integrity: sha512-WkrWp9GR4KXfKGYzOLmTuGVi1UWFfws377n9cc55/tb6DuqyF6pcQ5AbiHEshaDpY9v6oaSr2XCDidGmMwdzIA==}
    engines: {node: '>=8'}

  dunder-proto@1.0.1:
    resolution: {integrity: sha512-KIN/nDJBQRcXw0MLVhZE9iQHmG68qAVIBg9CqmUYjmQIhgij9U5MFvrqkUL5FbtyyzZuOeOt0zdeRe4UY7ct+A==}
    engines: {node: '>= 0.4'}

  es-define-property@1.0.1:
    resolution: {integrity: sha512-e3nRfgfUZ4rNGL232gUgX06QNyyez04KdjFrF+LTRoOXmrOgFKDg4BCdsjW8EnT69eqdYGmRpJwiPVYNrCaW3g==}
    engines: {node: '>= 0.4'}

  es-errors@1.3.0:
    resolution: {integrity: sha512-Zf5H2Kxt2xjTvbJvP2ZWLEICxA6j+hAmMzIlypy4xcBg1vKVnx89Wy0GbS+kf5cwCVFFzdCFh2XSCFNULS6csw==}
    engines: {node: '>= 0.4'}

  es-object-atoms@1.1.1:
    resolution: {integrity: sha512-FGgH2h8zKNim9ljj7dankFPcICIK9Cp5bm+c2gQSYePhpaG5+esrLODihIorn+Pe6FGJzWhXQotPv73jTaldXA==}
    engines: {node: '>= 0.4'}

  estree-walker@2.0.2:
    resolution: {integrity: sha512-Rfkk/Mp/DL7JVje3u18FxFujQlTNR2q6QfMSMB7AvCBx91NGj/ba3kCfza0f6dVDbw7YlRf/nDrn7pQrCCyQ/w==}

  eventemitter3@4.0.7:
    resolution: {integrity: sha512-8guHBZCwKnFhYdHr2ysuRWErTwhoN2X8XELRlrRwpmfeY2jjuUN4taQMsULKUVo1K4DvZl+0pgfyoysHxvmvEw==}

  fast-glob@3.3.3:
    resolution: {integrity: sha512-7MptL8U0cqcFdzIzwOTHoilX9x5BrNqye7Z/LuC7kCMRio1EMSyqRK3BEAUD7sXRq4iT4AzTVuZdhgQ2TCvYLg==}
    engines: {node: '>=8.6.0'}

  fastq@1.19.1:
    resolution: {integrity: sha512-GwLTyxkCXjXbxqIhTsMI2Nui8huMPtnxg7krajPJAjnEG/iiOS7i+zCtWGZR9G0NBKbXKh6X9m9UIsYX/N6vvQ==}

  fill-range@7.1.1:
    resolution: {integrity: sha512-YsGpe3WHLK8ZYi4tWDg2Jy3ebRz2rXowDxnld4bkQB00cc/1Zw9AWnC0i9ztDJitivtQvaI9KaLyKrc+hBW0yg==}
    engines: {node: '>=8'}

  follow-redirects@1.15.9:
    resolution: {integrity: sha512-gew4GsXizNgdoRyqmyfMHyAmXsZDk6mHkSxZFCzW9gwlbtOW44CDtYavM+y+72qD/Vq2l550kMF52DT8fOLJqQ==}
    engines: {node: '>=4.0'}
    peerDependencies:
      debug: '*'
    peerDependenciesMeta:
      debug:
        optional: true

  fsevents@2.3.2:
    resolution: {integrity: sha512-xiqMQR4xAeHTuB9uWm+fFRcIOgKBMiOBP+eXiyT7jsgVCq1bkVygt00oASowB7EdtpOHaaPgKt812P9ab+DDKA==}
    engines: {node: ^8.16.0 || ^10.6.0 || >=11.0.0}
    os: [darwin]

  function-bind@1.1.2:
    resolution: {integrity: sha512-7XHNxH7qX9xG5mIwxkhumTox/MIRNcOgDrxWsMt2pAr23WHp6MrRlN7FBSFpCpr+oVO0F744iUgR82nJMfG2SA==}

  get-intrinsic@1.3.0:
    resolution: {integrity: sha512-9fSjSaos/fRIVIp+xSJlE6lfwhES7LNtKaCBIamHsjr2na1BiABJPo0mOjjz8GJDURarmCPGqaiVg5mfjb98CQ==}
    engines: {node: '>= 0.4'}

  get-proto@1.0.1:
    resolution: {integrity: sha512-sTSfBjoXBp89JvIKIefqw7U2CCebsc74kiY6awiGogKtoSGbgjYE/G/+l9sF3MWFPNc9IcoOC4ODfKHfxFmp0g==}
    engines: {node: '>= 0.4'}

  glob-parent@5.1.2:
    resolution: {integrity: sha512-AOIgSQCepiJYwP3ARnGx+5VnTu2HBYdzbGP45eLw1vr3zB3vZLeyed1sC9hnbcOc9/SrMyM5RPQrkGz4aS9Zow==}
    engines: {node: '>= 6'}

  globby@13.2.2:
    resolution: {integrity: sha512-Y1zNGV+pzQdh7H39l9zgB4PJqjRNqydvdYCDG4HFXM4XuvSaQQlEc91IU1yALL8gUTDomgBAfz3XJdmUS+oo0w==}
    engines: {node: ^12.20.0 || ^14.13.1 || >=16.0.0}

  gopd@1.2.0:
    resolution: {integrity: sha512-ZUKRh6/kUFoAiTAtTYPZJ3hw9wNxx+BIBOijnlG9PnrJsCcSjs1wyyD6vJpaYtgnzDrKYRSqf3OO6Rfa93xsRg==}
    engines: {node: '>= 0.4'}

  has-flag@4.0.0:
    resolution: {integrity: sha512-EykJT/Q1KjTWctppgIAgfSO0tKVuZUjhgMr17kqTumMl6Afv3EISleU7qZUzoXDFTAHTDC4NOoG/ZxU3EvlMPQ==}
    engines: {node: '>=8'}

  has-symbols@1.1.0:
    resolution: {integrity: sha512-1cDNdwJ2Jaohmb3sg4OmKaMBwuC48sYni5HUw2DvsC8LjGTLK9h+eb1X6RyuOHe4hT0ULCW68iomhjUoKUqlPQ==}
    engines: {node: '>= 0.4'}

  hasown@2.0.2:
    resolution: {integrity: sha512-0hJU9SCPvmMzIBdZFqNPXWa6dqh7WdH0cII9y+CyS8rG3nL48Bclra9HmKhVVUHyPWNH5Y7xDwAB7bfgSjkUMQ==}
    engines: {node: '>= 0.4'}

  he@1.2.0:
    resolution: {integrity: sha512-F/1DnUGPopORZi0ni+CvrCgHQ5FyEAHRLSApuYWMmrbSwoN2Mn/7k+Gl38gJnR7yyDZk6WLXwiGod1JOWNDKGw==}
    hasBin: true

  html-encoding-sniffer@3.0.0:
    resolution: {integrity: sha512-oWv4T4yJ52iKrufjnyZPkrN0CH3QnrUqdB6In1g5Fe1mia8GmF36gnfNySxoZtxD5+NmYw1EElVXiBk93UeskA==}
    engines: {node: '>=12'}

  http-proxy@1.18.1:
    resolution: {integrity: sha512-7mz/721AbnJwIVbnaSv1Cz3Am0ZLT/UBwkC92VlxhXv/k/BBQfM2fXElQNC27BVGr0uwUpplYPQM9LnaBMR5NQ==}
    engines: {node: '>=8.0.0'}

  http-server@14.1.1:
    resolution: {integrity: sha512-+cbxadF40UXd9T01zUHgA+rlo2Bg1Srer4+B4NwIHdaGxAGGv59nYRnGGDJ9LBk7alpS0US+J+bLLdQOOkJq4A==}
    engines: {node: '>=12'}
    hasBin: true

  iconv-lite@0.6.3:
    resolution: {integrity: sha512-4fCk79wshMdzMp2rH06qWrJE4iolqLhCUH+OiuIgU++RB0+94NlDL81atO7GX55uUKueo0txHNtvEyI6D7WdMw==}
    engines: {node: '>=0.10.0'}

  ignore@5.3.2:
    resolution: {integrity: sha512-hsBTNUqQTDwkWtcdYI2i06Y/nUBEsNEDJKjWdigLvegy8kDuJAS8uRlpkkcQpyEXL0Z/pjDy5HBmMjRCJ2gq+g==}
    engines: {node: '>= 4'}

  is-core-module@2.16.1:
    resolution: {integrity: sha512-UfoeMA6fIJ8wTYFEUjelnaGI67v6+N7qXJEvQuIGa99l4xsCruSYOVSQ0uPANn4dAzm8lkYPaKLrrijLq7x23w==}
    engines: {node: '>= 0.4'}

  is-extglob@2.1.1:
    resolution: {integrity: sha512-SbKbANkN603Vi4jEZv49LeVJMn4yGwsbzZworEoyEiutsN3nJYdbO36zfhGJ6QEDpOZIFkDtnq5JRxmvl3jsoQ==}
    engines: {node: '>=0.10.0'}

  is-glob@4.0.3:
    resolution: {integrity: sha512-xelSayHH36ZgE7ZWhli7pW34hNbNl8Ojv5KVmkJD4hBdD3th8Tfk9vYasLM+mXWOZhFkgZfxhLSnrwRr4elSSg==}
    engines: {node: '>=0.10.0'}

  is-module@1.0.0:
    resolution: {integrity: sha512-51ypPSPCoTEIN9dy5Oy+h4pShgJmPCygKfyRCISBI+JoWT/2oJvK8QPxmwv7b/p239jXrm9M1mlQbyKJ5A152g==}

  is-number@7.0.0:
    resolution: {integrity: sha512-41Cifkg6e8TylSpdtTpeLVMqvSBEVzTttHvERD741+pnZ8ANv0004MRL43QKPDlK9cGvNp6NZWZUBlbGXYxxng==}
    engines: {node: '>=0.12.0'}

  magic-string@0.30.17:
    resolution: {integrity: sha512-sNPKHvyjVf7gyjwS4xGTaW/mCnF8wnjtifKBEhxfZ7E/S8tQ0rssrwGNn6q8JH/ohItJfSQp9mBtQYuTlH5QnA==}

  math-intrinsics@1.1.0:
    resolution: {integrity: sha512-/IXtbwEk5HTPyEwyKX6hGkYXxM9nbj64B+ilVJnC/R6B0pH5G4V3b0pVbL7DBj4tkhBAppbQUlf6F6Xl9LHu1g==}
    engines: {node: '>= 0.4'}

  merge2@1.4.1:
    resolution: {integrity: sha512-8q7VEgMJW4J8tcfVPy8g09NcQwZdbwFEqhe/WZkoIzjn/3TGDwtOCYtXGxA3O8tPzpczCCDgv+P2P5y00ZJOOg==}
    engines: {node: '>= 8'}

  micromatch@4.0.8:
    resolution: {integrity: sha512-PXwfBhYu0hBCPw8Dn0E+WDYb7af3dSLVWKi3HGv84IdF4TyFoC0ysxFd0Goxw7nSv4T/PzEJQxsYsEiFCKo2BA==}
    engines: {node: '>=8.6'}

  mime@1.6.0:
    resolution: {integrity: sha512-x0Vn8spI+wuJ1O6S7gnbaQg8Pxh4NNHb7KSINmEWKiPE4RKOplvijn+NkmYmmRgP68mc70j2EbeTFRsrswaQeg==}
    engines: {node: '>=4'}
    hasBin: true

  minimist@1.2.8:
    resolution: {integrity: sha512-2yyAR8qBkN3YuheJanUpWC5U3bb5osDywNB8RzDVlDwDHbocAJveqqj1u8+SVD7jkWT4yvsHCpWqqWqAxb0zCA==}

  ms@2.1.3:
    resolution: {integrity: sha512-6FlzubTLZG3J2a/NVCAleEhjzq5oxgHyaCU9yYXvcLsvoVaHJq/s5xXI6/XXP6tz7R9xAOtHnSO/tXtF3WRTlA==}

  object-inspect@1.13.4:
    resolution: {integrity: sha512-W67iLl4J2EXEGTbfeHCffrjDfitvLANg0UlX3wFUUSTx92KXRFegMHUVgSqE+wvhAbi4WqjGg9czysTV2Epbew==}
    engines: {node: '>= 0.4'}

  opener@1.5.2:
    resolution: {integrity: sha512-ur5UIdyw5Y7yEj9wLzhqXiy6GZ3Mwx0yGI+5sMn2r0N0v3cKJvUmFH5yPP+WXh9e0xfyzyJX95D8l088DNFj7A==}
    hasBin: true

  path-parse@1.0.7:
    resolution: {integrity: sha512-LDJzPVEEEPR+y48z93A0Ed0yXb8pAByGWo/k5YYdYgpY2/2EsOsksJrq7lOHxryrVOn1ejG6oAp8ahvOIQD8sw==}

  path-type@4.0.0:
    resolution: {integrity: sha512-gDKb8aZMDeD/tZWs9P6+q0J9Mwkdl6xMV8TjnGP3qJVJ06bdMgkbBlLU8IdfOsIsFz2BW1rNVT3XuNEl8zPAvw==}
    engines: {node: '>=8'}

  picomatch@2.3.1:
    resolution: {integrity: sha512-JU3teHTNjmE2VCGFzuY8EXzCDVwEqB2a8fsIvwaStHhAWJEeVd1o1QD80CU6+ZdEXXSLbSsuLwJjkCBWqRQUVA==}
    engines: {node: '>=8.6'}

  picomatch@4.0.2:
    resolution: {integrity: sha512-M7BAV6Rlcy5u+m6oPhAPFgJTzAioX/6B0DxyvDlo9l8+T3nLKbrczg2WLUyzd45L8RqfUMyGPzekbMvX2Ldkwg==}
    engines: {node: '>=12'}

  playwright-core@1.56.1:
    resolution: {integrity: sha512-hutraynyn31F+Bifme+Ps9Vq59hKuUCz7H1kDOcBs+2oGguKkWTU50bBWrtz34OUWmIwpBTWDxaRPXrIXkgvmQ==}
    engines: {node: '>=18'}
    hasBin: true

  playwright@1.56.1:
    resolution: {integrity: sha512-aFi5B0WovBHTEvpM3DzXTUaeN6eN0qWnTkKx4NQaH4Wvcmc153PdaY2UBdSYKaGYw+UyWXSVyxDUg5DoPEttjw==}
    engines: {node: '>=18'}
    hasBin: true

  portfinder@1.0.37:
    resolution: {integrity: sha512-yuGIEjDAYnnOex9ddMnKZEMFE0CcGo6zbfzDklkmT1m5z734ss6JMzN9rNB3+RR7iS+F10D4/BVIaXOyh8PQKw==}
    engines: {node: '>= 10.12'}

  qs@6.14.0:
    resolution: {integrity: sha512-YWWTjgABSKcvs/nWBi9PycY/JiPJqOD4JA6o9Sej2AtvSGarXxKC3OQSk4pAarbdQlKAh5D4FCQkJNkW+GAn3w==}
    engines: {node: '>=0.6'}

  queue-microtask@1.2.3:
    resolution: {integrity: sha512-NuaNSa6flKT5JaSYQzJok04JzTL1CA6aGhv5rfLW3PgqA+M2ChpZQnAC8h8i4ZFkBS8X5RqkDBHA7r4hej3K9A==}

  requires-port@1.0.0:
    resolution: {integrity: sha512-KigOCHcocU3XODJxsu8i/j8T9tzT4adHiecwORRQ0ZZFcp7ahwXuRU1m+yuO90C5ZUyGeGfocHDI14M3L3yDAQ==}

  resolve@1.22.10:
    resolution: {integrity: sha512-NPRy+/ncIMeDlTAsuqwKIiferiawhefFJtkNSW0qZJEqMEb+qBt/77B/jGeeek+F0uOeN05CDa6HXbbIgtVX4w==}
    engines: {node: '>= 0.4'}
    hasBin: true

  reusify@1.1.0:
    resolution: {integrity: sha512-g6QUff04oZpHs0eG5p83rFLhHeV00ug/Yf9nZM6fLeUrPguBTkTQOdpAWWspMh55TZfVQDPaN3NQJfbVRAxdIw==}
    engines: {iojs: '>=1.0.0', node: '>=0.10.0'}

  rollup@4.40.2:
    resolution: {integrity: sha512-tfUOg6DTP4rhQ3VjOO6B4wyrJnGOX85requAXvqYTHsOgb2TFJdZ3aWpT8W2kPoypSGP7dZUyzxJ9ee4buM5Fg==}
    engines: {node: '>=18.0.0', npm: '>=8.0.0'}
    hasBin: true

  run-parallel@1.2.0:
    resolution: {integrity: sha512-5l4VyZR86LZ/lDxZTR6jqL8AFE2S0IFLMP26AbjsLVADxHdhB/c0GUsH+y39UfCi3dzz8OlQuPmnaJOMoDHQBA==}

  safe-buffer@5.1.2:
    resolution: {integrity: sha512-Gd2UZBJDkXlY7GbJxfsE8/nvKkUEU1G38c1siN6QP6a9PT9MmHB8GnpscSmMJSoF8LOIrt8ud/wPtojys4G6+g==}

  safer-buffer@2.1.2:
    resolution: {integrity: sha512-YZo3K82SD7Riyi0E1EQPojLz7kpepnSQI9IyPbHHg1XXXevb5dJI7tpyN2ADxGcQbHG7vcyRHk0cbwqcQriUtg==}

  secure-compare@3.0.1:
    resolution: {integrity: sha512-AckIIV90rPDcBcglUwXPF3kg0P0qmPsPXAj6BBEENQE1p5yA1xfmDJzfi1Tappj37Pv2mVbKpL3Z1T+Nn7k1Qw==}

  side-channel-list@1.0.0:
    resolution: {integrity: sha512-FCLHtRD/gnpCiCHEiJLOwdmFP+wzCmDEkc9y7NsYxeF4u7Btsn1ZuwgwJGxImImHicJArLP4R0yX4c2KCrMrTA==}
    engines: {node: '>= 0.4'}

  side-channel-map@1.0.1:
    resolution: {integrity: sha512-VCjCNfgMsby3tTdo02nbjtM/ewra6jPHmpThenkTYh8pG9ucZ/1P8So4u4FGBek/BjpOVsDCMoLA/iuBKIFXRA==}
    engines: {node: '>= 0.4'}

  side-channel-weakmap@1.0.2:
    resolution: {integrity: sha512-WPS/HvHQTYnHisLo9McqBHOJk2FkHO/tlpvldyrnem4aeQp4hai3gythswg6p01oSoTl58rcpiFAjF2br2Ak2A==}
    engines: {node: '>= 0.4'}

  side-channel@1.1.0:
    resolution: {integrity: sha512-ZX99e6tRweoUXqR+VBrslhda51Nh5MTQwou5tnUDgbtyM0dBgmhEDtWGP/xbKn6hqfPRHujUNwz5fy/wbbhnpw==}
    engines: {node: '>= 0.4'}

  slash@4.0.0:
    resolution: {integrity: sha512-3dOsAHXXUkQTpOYcoAxLIorMTp4gIQr5IW3iVb7A7lFIp0VHhnynm9izx6TssdrIcVIESAlVjtnO2K8bg+Coew==}
    engines: {node: '>=12'}

  supports-color@7.2.0:
    resolution: {integrity: sha512-qpCAvRl9stuOHveKsn7HncJRvv501qIacKzQlO/+Lwxc9+0q2wLyv4Dfvt80/DPn2pqOBsJdDiogXGR9+OvwRw==}
    engines: {node: '>=8'}

  supports-preserve-symlinks-flag@1.0.0:
    resolution: {integrity: sha512-ot0WnXS9fgdkgIcePe6RHNk1WA8+muPa6cSjeR3V8K27q9BB1rTE3R1p7Hv0z1ZyAc8s6Vvv8DIyWf681MAt0w==}
    engines: {node: '>= 0.4'}

  to-regex-range@5.0.1:
    resolution: {integrity: sha512-65P7iz6X5yEr1cwcgvQxbbIw7Uk3gOy5dIdtZ4rDveLqhrdJP+Li/Hx6tyK0NEb+2GCyneCMJiGqrADCSNk8sQ==}
    engines: {node: '>=8.0'}

  typescript@5.8.3:
    resolution: {integrity: sha512-p1diW6TqL9L07nNxvRMM7hMMw4c5XOo/1ibL4aAIGmSAt9slTE1Xgw5KWuof2uTOvCg9BY7ZRi+GaF+7sfgPeQ==}
    engines: {node: '>=14.17'}
    hasBin: true

  union@0.5.0:
    resolution: {integrity: sha512-N6uOhuW6zO95P3Mel2I2zMsbsanvvtgn6jVqJv4vbVcz/JN0OkL9suomjQGmWtxJQXOCqUJvquc1sMeNz/IwlA==}
    engines: {node: '>= 0.8.0'}

  url-join@4.0.1:
    resolution: {integrity: sha512-jk1+QP6ZJqyOiuEI9AEWQfju/nB2Pw466kbA0LEZljHwKeMgd9WrAEgEGxjPDD2+TNbbb37rTyhEfrCXfuKXnA==}

  whatwg-encoding@2.0.0:
    resolution: {integrity: sha512-p41ogyeMUrw3jWclHWTQg1k05DSVXPLcVxRTYsXUk+ZooOCZLcoYgPZ/HL/D/N+uQPOtcp1me1WhBEaX02mhWg==}
    engines: {node: '>=12'}

snapshots:

  '@hiveio/beekeeper@file:../../beekeeper_wasm': {}

  '@jridgewell/sourcemap-codec@1.5.0': {}

  '@nodelib/fs.scandir@2.1.5':
    dependencies:
      '@nodelib/fs.stat': 2.0.5
      run-parallel: 1.2.0

  '@nodelib/fs.stat@2.0.5': {}

  '@nodelib/fs.walk@1.2.8':
    dependencies:
      '@nodelib/fs.scandir': 2.1.5
      fastq: 1.19.1

  '@playwright/test@1.56.1':
    dependencies:
      playwright: 1.56.1

  '@rollup/plugin-dynamic-import-vars@2.1.5(rollup@4.40.2)':
    dependencies:
      '@rollup/pluginutils': 5.1.4(rollup@4.40.2)
      astring: 1.9.0
      estree-walker: 2.0.2
      fast-glob: 3.3.3
      magic-string: 0.30.17
    optionalDependencies:
      rollup: 4.40.2

  '@rollup/plugin-node-resolve@16.0.1(rollup@4.40.2)':
    dependencies:
      '@rollup/pluginutils': 5.1.4(rollup@4.40.2)
      '@types/resolve': 1.20.2
      deepmerge: 4.3.1
      is-module: 1.0.0
      resolve: 1.22.10
    optionalDependencies:
      rollup: 4.40.2

  '@rollup/plugin-replace@6.0.2(rollup@4.40.2)':
    dependencies:
      '@rollup/pluginutils': 5.1.4(rollup@4.40.2)
      magic-string: 0.30.17
    optionalDependencies:
      rollup: 4.40.2

  '@rollup/pluginutils@5.1.4(rollup@4.40.2)':
    dependencies:
      '@types/estree': 1.0.7
      estree-walker: 2.0.2
      picomatch: 4.0.2
    optionalDependencies:
      rollup: 4.40.2

  '@rollup/rollup-android-arm-eabi@4.40.2':
    optional: true

  '@rollup/rollup-android-arm64@4.40.2':
    optional: true

  '@rollup/rollup-darwin-arm64@4.40.2':
    optional: true

  '@rollup/rollup-darwin-x64@4.40.2':
    optional: true

  '@rollup/rollup-freebsd-arm64@4.40.2':
    optional: true

  '@rollup/rollup-freebsd-x64@4.40.2':
    optional: true

  '@rollup/rollup-linux-arm-gnueabihf@4.40.2':
    optional: true

  '@rollup/rollup-linux-arm-musleabihf@4.40.2':
    optional: true

  '@rollup/rollup-linux-arm64-gnu@4.40.2':
    optional: true

  '@rollup/rollup-linux-arm64-musl@4.40.2':
    optional: true

  '@rollup/rollup-linux-loongarch64-gnu@4.40.2':
    optional: true

  '@rollup/rollup-linux-powerpc64le-gnu@4.40.2':
    optional: true

  '@rollup/rollup-linux-riscv64-gnu@4.40.2':
    optional: true

  '@rollup/rollup-linux-riscv64-musl@4.40.2':
    optional: true

  '@rollup/rollup-linux-s390x-gnu@4.40.2':
    optional: true

  '@rollup/rollup-linux-x64-gnu@4.40.2':
    optional: true

  '@rollup/rollup-linux-x64-musl@4.40.2':
    optional: true

  '@rollup/rollup-win32-arm64-msvc@4.40.2':
    optional: true

  '@rollup/rollup-win32-ia32-msvc@4.40.2':
    optional: true

  '@rollup/rollup-win32-x64-msvc@4.40.2':
    optional: true

  '@types/estree@1.0.7': {}

  '@types/resolve@1.20.2': {}

  '@types/sharedworker@0.0.159': {}

  '@web/rollup-plugin-import-meta-assets@2.2.1(rollup@4.40.2)':
    dependencies:
      '@rollup/plugin-dynamic-import-vars': 2.1.5(rollup@4.40.2)
      '@rollup/pluginutils': 5.1.4(rollup@4.40.2)
      estree-walker: 2.0.2
      globby: 13.2.2
      magic-string: 0.30.17
    transitivePeerDependencies:
      - rollup

  ansi-styles@4.3.0:
    dependencies:
      color-convert: 2.0.1

  astring@1.9.0: {}

  async@3.2.6: {}

  basic-auth@2.0.1:
    dependencies:
      safe-buffer: 5.1.2

  braces@3.0.3:
    dependencies:
      fill-range: 7.1.1

  call-bind-apply-helpers@1.0.2:
    dependencies:
      es-errors: 1.3.0
      function-bind: 1.1.2

  call-bound@1.0.4:
    dependencies:
      call-bind-apply-helpers: 1.0.2
      get-intrinsic: 1.3.0

  chalk@4.1.2:
    dependencies:
      ansi-styles: 4.3.0
      supports-color: 7.2.0

  color-convert@2.0.1:
    dependencies:
      color-name: 1.1.4

  color-name@1.1.4: {}

  corser@2.0.1: {}

  debug@4.4.0:
    dependencies:
      ms: 2.1.3

  deepmerge@4.3.1: {}

  dir-glob@3.0.1:
    dependencies:
      path-type: 4.0.0

  dunder-proto@1.0.1:
    dependencies:
      call-bind-apply-helpers: 1.0.2
      es-errors: 1.3.0
      gopd: 1.2.0

  es-define-property@1.0.1: {}

  es-errors@1.3.0: {}

  es-object-atoms@1.1.1:
    dependencies:
      es-errors: 1.3.0

  estree-walker@2.0.2: {}

  eventemitter3@4.0.7: {}

  fast-glob@3.3.3:
    dependencies:
      '@nodelib/fs.stat': 2.0.5
      '@nodelib/fs.walk': 1.2.8
      glob-parent: 5.1.2
      merge2: 1.4.1
      micromatch: 4.0.8

  fastq@1.19.1:
    dependencies:
      reusify: 1.1.0

  fill-range@7.1.1:
    dependencies:
      to-regex-range: 5.0.1

  follow-redirects@1.15.9: {}

  fsevents@2.3.2:
    optional: true

  function-bind@1.1.2: {}

  get-intrinsic@1.3.0:
    dependencies:
      call-bind-apply-helpers: 1.0.2
      es-define-property: 1.0.1
      es-errors: 1.3.0
      es-object-atoms: 1.1.1
      function-bind: 1.1.2
      get-proto: 1.0.1
      gopd: 1.2.0
      has-symbols: 1.1.0
      hasown: 2.0.2
      math-intrinsics: 1.1.0

  get-proto@1.0.1:
    dependencies:
      dunder-proto: 1.0.1
      es-object-atoms: 1.1.1

  glob-parent@5.1.2:
    dependencies:
      is-glob: 4.0.3

  globby@13.2.2:
    dependencies:
      dir-glob: 3.0.1
      fast-glob: 3.3.3
      ignore: 5.3.2
      merge2: 1.4.1
      slash: 4.0.0

  gopd@1.2.0: {}

  has-flag@4.0.0: {}

  has-symbols@1.1.0: {}

  hasown@2.0.2:
    dependencies:
      function-bind: 1.1.2

  he@1.2.0: {}

  html-encoding-sniffer@3.0.0:
    dependencies:
      whatwg-encoding: 2.0.0

  http-proxy@1.18.1:
    dependencies:
      eventemitter3: 4.0.7
      follow-redirects: 1.15.9
      requires-port: 1.0.0
    transitivePeerDependencies:
      - debug

  http-server@14.1.1:
    dependencies:
      basic-auth: 2.0.1
      chalk: 4.1.2
      corser: 2.0.1
      he: 1.2.0
      html-encoding-sniffer: 3.0.0
      http-proxy: 1.18.1
      mime: 1.6.0
      minimist: 1.2.8
      opener: 1.5.2
      portfinder: 1.0.37
      secure-compare: 3.0.1
      union: 0.5.0
      url-join: 4.0.1
    transitivePeerDependencies:
      - debug
      - supports-color

  iconv-lite@0.6.3:
    dependencies:
      safer-buffer: 2.1.2

  ignore@5.3.2: {}

  is-core-module@2.16.1:
    dependencies:
      hasown: 2.0.2

  is-extglob@2.1.1: {}

  is-glob@4.0.3:
    dependencies:
      is-extglob: 2.1.1

  is-module@1.0.0: {}

  is-number@7.0.0: {}

  magic-string@0.30.17:
    dependencies:
      '@jridgewell/sourcemap-codec': 1.5.0

  math-intrinsics@1.1.0: {}

  merge2@1.4.1: {}

  micromatch@4.0.8:
    dependencies:
      braces: 3.0.3
      picomatch: 2.3.1

  mime@1.6.0: {}

  minimist@1.2.8: {}

  ms@2.1.3: {}

  object-inspect@1.13.4: {}

  opener@1.5.2: {}

  path-parse@1.0.7: {}

  path-type@4.0.0: {}

  picomatch@2.3.1: {}

  picomatch@4.0.2: {}

  playwright-core@1.56.1: {}

  playwright@1.56.1:
    dependencies:
      playwright-core: 1.56.1
    optionalDependencies:
      fsevents: 2.3.2

  portfinder@1.0.37:
    dependencies:
      async: 3.2.6
      debug: 4.4.0
    transitivePeerDependencies:
      - supports-color

  qs@6.14.0:
    dependencies:
      side-channel: 1.1.0

  queue-microtask@1.2.3: {}

  requires-port@1.0.0: {}

  resolve@1.22.10:
    dependencies:
      is-core-module: 2.16.1
      path-parse: 1.0.7
      supports-preserve-symlinks-flag: 1.0.0

  reusify@1.1.0: {}

  rollup@4.40.2:
    dependencies:
      '@types/estree': 1.0.7
    optionalDependencies:
      '@rollup/rollup-android-arm-eabi': 4.40.2
      '@rollup/rollup-android-arm64': 4.40.2
      '@rollup/rollup-darwin-arm64': 4.40.2
      '@rollup/rollup-darwin-x64': 4.40.2
      '@rollup/rollup-freebsd-arm64': 4.40.2
      '@rollup/rollup-freebsd-x64': 4.40.2
      '@rollup/rollup-linux-arm-gnueabihf': 4.40.2
      '@rollup/rollup-linux-arm-musleabihf': 4.40.2
      '@rollup/rollup-linux-arm64-gnu': 4.40.2
      '@rollup/rollup-linux-arm64-musl': 4.40.2
      '@rollup/rollup-linux-loongarch64-gnu': 4.40.2
      '@rollup/rollup-linux-powerpc64le-gnu': 4.40.2
      '@rollup/rollup-linux-riscv64-gnu': 4.40.2
      '@rollup/rollup-linux-riscv64-musl': 4.40.2
      '@rollup/rollup-linux-s390x-gnu': 4.40.2
      '@rollup/rollup-linux-x64-gnu': 4.40.2
      '@rollup/rollup-linux-x64-musl': 4.40.2
      '@rollup/rollup-win32-arm64-msvc': 4.40.2
      '@rollup/rollup-win32-ia32-msvc': 4.40.2
      '@rollup/rollup-win32-x64-msvc': 4.40.2
      fsevents: 2.3.2

  run-parallel@1.2.0:
    dependencies:
      queue-microtask: 1.2.3

  safe-buffer@5.1.2: {}

  safer-buffer@2.1.2: {}

  secure-compare@3.0.1: {}

  side-channel-list@1.0.0:
    dependencies:
      es-errors: 1.3.0
      object-inspect: 1.13.4

  side-channel-map@1.0.1:
    dependencies:
      call-bound: 1.0.4
      es-errors: 1.3.0
      get-intrinsic: 1.3.0
      object-inspect: 1.13.4

  side-channel-weakmap@1.0.2:
    dependencies:
      call-bound: 1.0.4
      es-errors: 1.3.0
      get-intrinsic: 1.3.0
      object-inspect: 1.13.4
      side-channel-map: 1.0.1

  side-channel@1.1.0:
    dependencies:
      es-errors: 1.3.0
      object-inspect: 1.13.4
      side-channel-list: 1.0.0
      side-channel-map: 1.0.1
      side-channel-weakmap: 1.0.2

  slash@4.0.0: {}

  supports-color@7.2.0:
    dependencies:
      has-flag: 4.0.0

  supports-preserve-symlinks-flag@1.0.0: {}

  to-regex-range@5.0.1:
    dependencies:
      is-number: 7.0.0

  typescript@5.8.3: {}

  union@0.5.0:
    dependencies:
      qs: 6.14.0

  url-join@4.0.1: {}

  whatwg-encoding@2.0.0:
    dependencies:
      iconv-lite: 0.6.3
